
Microsoft Visual Studio Solution File, Format Version 12.00
# Visual Studio Version 17
VisualStudioVersion = 17.10.35122.118
MinimumVisualStudioVersion = 10.0.40219.1
Project("{FAE04EC0-301F-11D3-BF4B-00C04F79EFBC}") = "20240718_HttpMethods", "20240718_HttpMethods.csproj", "{01FC7D95-1DD0-4C83-880B-65A5BC3294F8}"
EndProject
Global
	GlobalSection(SolutionConfigurationPlatforms) = preSolution
		Debug|Any CPU = Debug|Any CPU
		Release|Any CPU = Release|Any CPU
	EndGlobalSection
	GlobalSection(ProjectConfigurationPlatforms) = postSolution
		{01FC7D95-1DD0-4C83-880B-65A5BC3294F8}.Debug|Any CPU.ActiveCfg = Debug|Any CPU
		{01FC7D95-1DD0-4C83-880B-65A5BC3294F8}.Debug|Any CPU.Build.0 = Debug|Any CPU
		{01FC7D95-1DD0-4C83-880B-65A5BC3294F8}.Release|Any CPU.ActiveCfg = Release|Any CPU
		{01FC7D95-1DD0-4C83-880B-65A5BC3294F8}.Release|Any CPU.Build.0 = Release|Any CPU
	EndGlobalSection
	GlobalSection(SolutionProperties) = preSolution
		HideSolutionNode = FALSE
	EndGlobalSection
	GlobalSection(ExtensibilityGlobals) = postSolution
		SolutionGuid = {0B706931-A456-4DC7-AF35-B2D08398D629}
	EndGlobalSection
EndGlobal
